Microsoft Visual Studio Solution File, Format Version 12.00
# Visual Studio Version 17
VisualStudioVersion = 17.5.2.0
MinimumVisualStudioVersion = 10.0.40219.1
Project("{FAE04EC0-301F-11D3-BF4B-00C04F79EFBC}") = "TypingSpeedTest", "TypingSpeedTest.csproj", "{334883AE-2CB3-064B-F246-449FD996F183}"
EndProject
Project("{FAE04EC0-301F-11D3-BF4B-00C04F79EFBC}") = "TypingSpeedAPI", "TypingSpeedAPI\TypingSpeedAPI.csproj", "{6ACD9237-B81E-0829-73B3-57338FA765D0}"
EndProject
Global
	GlobalSection(SolutionConfigurationPlatforms) = preSolution
		Debug|Any CPU = Debug|Any CPU
		Release|Any CPU = Release|Any CPU
	EndGlobalSection
	GlobalSection(ProjectConfigurationPlatforms) = postSolution
		{334883AE-2CB3-064B-F246-449FD996F183}.Debug|Any CPU.ActiveCfg = Debug|Any CPU
		{334883AE-2CB3-064B-F246-449FD996F183}.Debug|Any CPU.Build.0 = Debug|Any CPU
		{334883AE-2CB3-064B-F246-449FD996F183}.Release|Any CPU.ActiveCfg = Release|Any CPU
		{334883AE-2CB3-064B-F246-449FD996F183}.Release|Any CPU.Build.0 = Release|Any CPU
		{6ACD9237-B81E-0829-73B3-57338FA765D0}.Debug|Any CPU.ActiveCfg = Debug|Any CPU
		{6ACD9237-B81E-0829-73B3-57338FA765D0}.Debug|Any CPU.Build.0 = Debug|Any CPU
		{6ACD9237-B81E-0829-73B3-57338FA765D0}.Release|Any CPU.ActiveCfg = Release|Any CPU
		{6ACD9237-B81E-0829-73B3-57338FA765D0}.Release|Any CPU.Build.0 = Release|Any CPU
	EndGlobalSection
	GlobalSection(SolutionProperties) = preSolution
		HideSolutionNode = FALSE
	EndGlobalSection
	GlobalSection(ExtensibilityGlobals) = postSolution
		SolutionGuid = {DF01544E-A31A-43AE-AF85-8A3B48953348}
	EndGlobalSection
EndGlobal
